
Microsoft Visual Studio Solution File, Format Version 12.00
# Visual Studio 2013
VisualStudioVersion = 12.0.31101.0
MinimumVisualStudioVersion = 10.0.40219.1
Project("{2150E333-8FDC-42A3-9474-1A3956D46DE8}") = "Business", "Business", "{BC9DE329-5066-4740-82A8-EB92868EF8EC}"
EndProject
Project("{2150E333-8FDC-42A3-9474-1A3956D46DE8}") = "Client", "Client", "{CD48938B-CE0F-435F-821D-8348DE7604EE}"
EndProject
Project("{2150E333-8FDC-42A3-9474-1A3956D46DE8}") = "Core", "Core", "{8154E969-45E6-4E85-8B4E-581DC313E8FD}"
EndProject
Project("{2150E333-8FDC-42A3-9474-1A3956D46DE8}") = "Tests", "Tests", "{95304D7D-5641-451B-926D-C7AC86328C09}"
EndProject
Project("{FAE04EC0-301F-11D3-BF4B-00C04F79EFBC}") = "Bom.Business.Entities", "Bom.Business.Entities\Bom.Business.Entities.csproj", "{9D062E6F-BB5B-476D-925C-2BE58549DB01}"
EndProject
Project("{FAE04EC0-301F-11D3-BF4B-00C04F79EFBC}") = "Bom.Client.Entities", "Bom.Client.Entities\Bom.Client.Entities.csproj", "{A50C38D7-5AB5-486A-9049-7C710DF61192}"
EndProject
Project("{FAE04EC0-301F-11D3-BF4B-00C04F79EFBC}") = "Core.Common.Contracts", "Core.Common.Contracts\Core.Common.Contracts.csproj", "{BC9EA015-D89A-409D-A3CC-9909DDCB786E}"
EndProject
Project("{FAE04EC0-301F-11D3-BF4B-00C04F79EFBC}") = "Core.Common", "Core.Common\Core.Common.csproj", "{EA04E951-7123-4B9A-A6C0-E454EB743FCD}"
EndProject
Project("{FAE04EC0-301F-11D3-BF4B-00C04F79EFBC}") = "Bom.Data.Tests", "Bom.Data.Tests\Bom.Data.Tests.csproj", "{4C851F40-F173-477B-A59A-14A093D9C214}"
EndProject
Project("{FAE04EC0-301F-11D3-BF4B-00C04F79EFBC}") = "Core.Common.Tests", "Core.Common.Tests\Core.Common.Tests.csproj", "{F929584B-5E27-4E34-AA8A-710B69ABDCED}"
EndProject
Project("{2150E333-8FDC-42A3-9474-1A3956D46DE8}") = "Resource Access", "Resource Access", "{7D4D8D6D-85E3-440A-87D3-53100D084321}"
EndProject
Project("{FAE04EC0-301F-11D3-BF4B-00C04F79EFBC}") = "Bom.Data", "Bom.Data\Bom.Data.csproj", "{1C8C670B-9073-4A7B-AA44-A4F009E54C0D}"
EndProject
Project("{FAE04EC0-301F-11D3-BF4B-00C04F79EFBC}") = "Bom.Data.Contracts", "Bom.Data.Contracts\Bom.Data.Contracts.csproj", "{85C1EBB9-CDF5-4110-8593-2E2BB627DAF0}"
EndProject
Project("{FAE04EC0-301F-11D3-BF4B-00C04F79EFBC}") = "Bom.Business.Bootstrapper", "Bom.Business.Bootstrapper\Bom.Business.Bootstrapper.csproj", "{75393849-86DA-4361-97AE-A5E51B4764F5}"
EndProject
Project("{FAE04EC0-301F-11D3-BF4B-00C04F79EFBC}") = "Bom.Business.Contracts", "Bom.Business.Contracts\Bom.Business.Contracts.csproj", "{49282531-C8E2-4E44-A33C-C576E6EBECB4}"
EndProject
Project("{FAE04EC0-301F-11D3-BF4B-00C04F79EFBC}") = "Bom.Business.Managers", "Bom.Business.Managers\Bom.Business.Managers.csproj", "{DA0F5152-AFC6-4A7F-B753-ADB3A20937E6}"
EndProject
Project("{FAE04EC0-301F-11D3-BF4B-00C04F79EFBC}") = "Bom.Business.Managers.Tests", "Bom.Business.Managers.Tests\Bom.Business.Managers.Tests.csproj", "{2CEDA65C-AAD4-4CB2-878C-11D49BA0BEF8}"
EndProject
Project("{2150E333-8FDC-42A3-9474-1A3956D46DE8}") = "Common", "Common", "{526B8182-B189-43B4-8FA4-94626FE06303}"
EndProject
Project("{FAE04EC0-301F-11D3-BF4B-00C04F79EFBC}") = "Bom.Common", "Bom.Common\Bom.Common.csproj", "{993F9605-28D3-437C-9CB3-1CEEC3A4A453}"
EndProject
Project("{2150E333-8FDC-42A3-9474-1A3956D46DE8}") = "Hosting", "Hosting", "{F20B0B30-C85F-4671-BBEB-369419517364}"
EndProject
Project("{FAE04EC0-301F-11D3-BF4B-00C04F79EFBC}") = "Bom.ServiceHost.Console", "Bom.ServiceHost.Console\Bom.ServiceHost.Console.csproj", "{EB1356AD-0BBC-46BB-A777-250BBCC9D897}"
EndProject
Project("{FAE04EC0-301F-11D3-BF4B-00C04F79EFBC}") = "Bom.ServiceHost.Tests", "Bom.ServiceHost.Tests\Bom.ServiceHost.Tests.csproj", "{53A02FA0-7A3F-4CF8-9686-3DA0E756D785}"
EndProject
Project("{FAE04EC0-301F-11D3-BF4B-00C04F79EFBC}") = "Bom.ServiceHost.NtService", "Bom.ServiceHost.NtService\Bom.ServiceHost.NtService.csproj", "{8F964618-D4DB-48D5-9B7F-D69EDF42C389}"
EndProject
Project("{FAE04EC0-301F-11D3-BF4B-00C04F79EFBC}") = "Bom.Client.Contracts", "Bom.Client.Contracts\Bom.Client.Contracts.csproj", "{C8C0712E-874D-4E0D-A49E-9601893B62EC}"
EndProject
Project("{FAE04EC0-301F-11D3-BF4B-00C04F79EFBC}") = "Bom.Client.Proxies", "Bom.Client.Proxies\Bom.Client.Proxies.csproj", "{AA39CDFA-9D28-4C01-A5A9-87D5F5FB0FDD}"
EndProject
Project("{FAE04EC0-301F-11D3-BF4B-00C04F79EFBC}") = "Bom.Client.Bootstapper", "Bom.Client.Bootstapper\Bom.Client.Bootstapper.csproj", "{DDD265E5-A6BB-4E1C-A045-633D8A4122C5}"
EndProject
Project("{FAE04EC0-301F-11D3-BF4B-00C04F79EFBC}") = "Bom.Client.Proxies.Tests", "Bom.Client.Proxies.Tests\Bom.Client.Proxies.Tests.csproj", "{624E830A-7EC2-4652-A80F-1A25D8A0ABC7}"
EndProject
Project("{FAE04EC0-301F-11D3-BF4B-00C04F79EFBC}") = "Bom.Desktop", "Bom.Desktop\Bom.Desktop.csproj", "{80CB0A5A-6C32-40AF-9973-21BB21BEA534}"
EndProject
Project("{FAE04EC0-301F-11D3-BF4B-00C04F79EFBC}") = "Core.Common.UI", "Core.Common.UI\Core.Common.UI.csproj", "{58C9310A-6CB5-4081-90CC-B608F66C4372}"
EndProject
Project("{FAE04EC0-301F-11D3-BF4B-00C04F79EFBC}") = "Bom.Desktop.Tests", "Bom.Desktop.Tests\Bom.Desktop.Tests.csproj", "{1AF6DE3A-951A-425A-836E-810874A79B94}"
EndProject
Project("{FAE04EC0-301F-11D3-BF4B-00C04F79EFBC}") = "Core.Common.ServiceModel", "Core.Common.ServiceModel\Core.Common.ServiceModel.csproj", "{ED5A5E80-0726-4685-B6FB-F34ED0DB7934}"
EndProject
Global
	GlobalSection(SolutionConfigurationPlatforms) = preSolution
		Debug|Any CPU = Debug|Any CPU
		Release|Any CPU = Release|Any CPU
	EndGlobalSection
	GlobalSection(ProjectConfigurationPlatforms) = postSolution
		{9D062E6F-BB5B-476D-925C-2BE58549DB01}.Debug|Any CPU.ActiveCfg = Debug|Any CPU
		{9D062E6F-BB5B-476D-925C-2BE58549DB01}.Debug|Any CPU.Build.0 = Debug|Any CPU
		{9D062E6F-BB5B-476D-925C-2BE58549DB01}.Release|Any CPU.ActiveCfg = Release|Any CPU
		{9D062E6F-BB5B-476D-925C-2BE58549DB01}.Release|Any CPU.Build.0 = Release|Any CPU
		{A50C38D7-5AB5-486A-9049-7C710DF61192}.Debug|Any CPU.ActiveCfg = Debug|Any CPU
		{A50C38D7-5AB5-486A-9049-7C710DF61192}.Debug|Any CPU.Build.0 = Debug|Any CPU
		{A50C38D7-5AB5-486A-9049-7C710DF61192}.Release|Any CPU.ActiveCfg = Release|Any CPU
		{A50C38D7-5AB5-486A-9049-7C710DF61192}.Release|Any CPU.Build.0 = Release|Any CPU
		{BC9EA015-D89A-409D-A3CC-9909DDCB786E}.Debug|Any CPU.ActiveCfg = Debug|Any CPU
		{BC9EA015-D89A-409D-A3CC-9909DDCB786E}.Debug|Any CPU.Build.0 = Debug|Any CPU
		{BC9EA015-D89A-409D-A3CC-9909DDCB786E}.Release|Any CPU.ActiveCfg = Release|Any CPU
		{BC9EA015-D89A-409D-A3CC-9909DDCB786E}.Release|Any CPU.Build.0 = Release|Any CPU
		{EA04E951-7123-4B9A-A6C0-E454EB743FCD}.Debug|Any CPU.ActiveCfg = Debug|Any CPU
		{EA04E951-7123-4B9A-A6C0-E454EB743FCD}.Debug|Any CPU.Build.0 = Debug|Any CPU
		{EA04E951-7123-4B9A-A6C0-E454EB743FCD}.Release|Any CPU.ActiveCfg = Release|Any CPU
		{EA04E951-7123-4B9A-A6C0-E454EB743FCD}.Release|Any CPU.Build.0 = Release|Any CPU
		{4C851F40-F173-477B-A59A-14A093D9C214}.Debug|Any CPU.ActiveCfg = Debug|Any CPU
		{4C851F40-F173-477B-A59A-14A093D9C214}.Debug|Any CPU.Build.0 = Debug|Any CPU
		{4C851F40-F173-477B-A59A-14A093D9C214}.Release|Any CPU.ActiveCfg = Release|Any CPU
		{4C851F40-F173-477B-A59A-14A093D9C214}.Release|Any CPU.Build.0 = Release|Any CPU
		{F929584B-5E27-4E34-AA8A-710B69ABDCED}.Debug|Any CPU.ActiveCfg = Debug|Any CPU
		{F929584B-5E27-4E34-AA8A-710B69ABDCED}.Debug|Any CPU.Build.0 = Debug|Any CPU
		{F929584B-5E27-4E34-AA8A-710B69ABDCED}.Release|Any CPU.ActiveCfg = Release|Any CPU
		{F929584B-5E27-4E34-AA8A-710B69ABDCED}.Release|Any CPU.Build.0 = Release|Any CPU
		{1C8C670B-9073-4A7B-AA44-A4F009E54C0D}.Debug|Any CPU.ActiveCfg = Debug|Any CPU
		{1C8C670B-9073-4A7B-AA44-A4F009E54C0D}.Debug|Any CPU.Build.0 = Debug|Any CPU
		{1C8C670B-9073-4A7B-AA44-A4F009E54C0D}.Release|Any CPU.ActiveCfg = Release|Any CPU
		{1C8C670B-9073-4A7B-AA44-A4F009E54C0D}.Release|Any CPU.Build.0 = Release|Any CPU
		{85C1EBB9-CDF5-4110-8593-2E2BB627DAF0}.Debug|Any CPU.ActiveCfg = Debug|Any CPU
		{85C1EBB9-CDF5-4110-8593-2E2BB627DAF0}.Debug|Any CPU.Build.0 = Debug|Any CPU
		{85C1EBB9-CDF5-4110-8593-2E2BB627DAF0}.Release|Any CPU.ActiveCfg = Release|Any CPU
		{85C1EBB9-CDF5-4110-8593-2E2BB627DAF0}.Release|Any CPU.Build.0 = Release|Any CPU
		{75393849-86DA-4361-97AE-A5E51B4764F5}.Debug|Any CPU.ActiveCfg = Debug|Any CPU
		{75393849-86DA-4361-97AE-A5E51B4764F5}.Debug|Any CPU.Build.0 = Debug|Any CPU
		{75393849-86DA-4361-97AE-A5E51B4764F5}.Release|Any CPU.ActiveCfg = Release|Any CPU
		{75393849-86DA-4361-97AE-A5E51B4764F5}.Release|Any CPU.Build.0 = Release|Any CPU
		{49282531-C8E2-4E44-A33C-C576E6EBECB4}.Debug|Any CPU.ActiveCfg = Debug|Any CPU
		{49282531-C8E2-4E44-A33C-C576E6EBECB4}.Debug|Any CPU.Build.0 = Debug|Any CPU
		{49282531-C8E2-4E44-A33C-C576E6EBECB4}.Release|Any CPU.ActiveCfg = Release|Any CPU
		{49282531-C8E2-4E44-A33C-C576E6EBECB4}.Release|Any CPU.Build.0 = Release|Any CPU
		{DA0F5152-AFC6-4A7F-B753-ADB3A20937E6}.Debug|Any CPU.ActiveCfg = Debug|Any CPU
		{DA0F5152-AFC6-4A7F-B753-ADB3A20937E6}.Debug|Any CPU.Build.0 = Debug|Any CPU
		{DA0F5152-AFC6-4A7F-B753-ADB3A20937E6}.Release|Any CPU.ActiveCfg = Release|Any CPU
		{DA0F5152-AFC6-4A7F-B753-ADB3A20937E6}.Release|Any CPU.Build.0 = Release|Any CPU
		{2CEDA65C-AAD4-4CB2-878C-11D49BA0BEF8}.Debug|Any CPU.ActiveCfg = Debug|Any CPU
		{2CEDA65C-AAD4-4CB2-878C-11D49BA0BEF8}.Debug|Any CPU.Build.0 = Debug|Any CPU
		{2CEDA65C-AAD4-4CB2-878C-11D49BA0BEF8}.Release|Any CPU.ActiveCfg = Release|Any CPU
		{2CEDA65C-AAD4-4CB2-878C-11D49BA0BEF8}.Release|Any CPU.Build.0 = Release|Any CPU
		{993F9605-28D3-437C-9CB3-1CEEC3A4A453}.Debug|Any CPU.ActiveCfg = Debug|Any CPU
		{993F9605-28D3-437C-9CB3-1CEEC3A4A453}.Debug|Any CPU.Build.0 = Debug|Any CPU
		{993F9605-28D3-437C-9CB3-1CEEC3A4A453}.Release|Any CPU.ActiveCfg = Release|Any CPU
		{993F9605-28D3-437C-9CB3-1CEEC3A4A453}.Release|Any CPU.Build.0 = Release|Any CPU
		{EB1356AD-0BBC-46BB-A777-250BBCC9D897}.Debug|Any CPU.ActiveCfg = Debug|Any CPU
		{EB1356AD-0BBC-46BB-A777-250BBCC9D897}.Debug|Any CPU.Build.0 = Debug|Any CPU
		{EB1356AD-0BBC-46BB-A777-250BBCC9D897}.Release|Any CPU.ActiveCfg = Release|Any CPU
		{EB1356AD-0BBC-46BB-A777-250BBCC9D897}.Release|Any CPU.Build.0 = Release|Any CPU
		{53A02FA0-7A3F-4CF8-9686-3DA0E756D785}.Debug|Any CPU.ActiveCfg = Debug|Any CPU
		{53A02FA0-7A3F-4CF8-9686-3DA0E756D785}.Debug|Any CPU.Build.0 = Debug|Any CPU
		{53A02FA0-7A3F-4CF8-9686-3DA0E756D785}.Release|Any CPU.ActiveCfg = Release|Any CPU
		{53A02FA0-7A3F-4CF8-9686-3DA0E756D785}.Release|Any CPU.Build.0 = Release|Any CPU
		{8F964618-D4DB-48D5-9B7F-D69EDF42C389}.Debug|Any CPU.ActiveCfg = Debug|Any CPU
		{8F964618-D4DB-48D5-9B7F-D69EDF42C389}.Debug|Any CPU.Build.0 = Debug|Any CPU
		{8F964618-D4DB-48D5-9B7F-D69EDF42C389}.Release|Any CPU.ActiveCfg = Release|Any CPU
		{8F964618-D4DB-48D5-9B7F-D69EDF42C389}.Release|Any CPU.Build.0 = Release|Any CPU
		{C8C0712E-874D-4E0D-A49E-9601893B62EC}.Debug|Any CPU.ActiveCfg = Debug|Any CPU
		{C8C0712E-874D-4E0D-A49E-9601893B62EC}.Debug|Any CPU.Build.0 = Debug|Any CPU
		{C8C0712E-874D-4E0D-A49E-9601893B62EC}.Release|Any CPU.ActiveCfg = Release|Any CPU
		{C8C0712E-874D-4E0D-A49E-9601893B62EC}.Release|Any CPU.Build.0 = Release|Any CPU
		{AA39CDFA-9D28-4C01-A5A9-87D5F5FB0FDD}.Debug|Any CPU.ActiveCfg = Debug|Any CPU
		{AA39CDFA-9D28-4C01-A5A9-87D5F5FB0FDD}.Debug|Any CPU.Build.0 = Debug|Any CPU
		{AA39CDFA-9D28-4C01-A5A9-87D5F5FB0FDD}.Release|Any CPU.ActiveCfg = Release|Any CPU
		{AA39CDFA-9D28-4C01-A5A9-87D5F5FB0FDD}.Release|Any CPU.Build.0 = Release|Any CPU
		{DDD265E5-A6BB-4E1C-A045-633D8A4122C5}.Debug|Any CPU.ActiveCfg = Debug|Any CPU
		{DDD265E5-A6BB-4E1C-A045-633D8A4122C5}.Debug|Any CPU.Build.0 = Debug|Any CPU
		{DDD265E5-A6BB-4E1C-A045-633D8A4122C5}.Release|Any CPU.ActiveCfg = Release|Any CPU
		{DDD265E5-A6BB-4E1C-A045-633D8A4122C5}.Release|Any CPU.Build.0 = Release|Any CPU
		{624E830A-7EC2-4652-A80F-1A25D8A0ABC7}.Debug|Any CPU.ActiveCfg = Debug|Any CPU
		{624E830A-7EC2-4652-A80F-1A25D8A0ABC7}.Debug|Any CPU.Build.0 = Debug|Any CPU
		{624E830A-7EC2-4652-A80F-1A25D8A0ABC7}.Release|Any CPU.ActiveCfg = Release|Any CPU
		{624E830A-7EC2-4652-A80F-1A25D8A0ABC7}.Release|Any CPU.Build.0 = Release|Any CPU
		{80CB0A5A-6C32-40AF-9973-21BB21BEA534}.Debug|Any CPU.ActiveCfg = Debug|Any CPU
		{80CB0A5A-6C32-40AF-9973-21BB21BEA534}.Debug|Any CPU.Build.0 = Debug|Any CPU
		{80CB0A5A-6C32-40AF-9973-21BB21BEA534}.Release|Any CPU.ActiveCfg = Release|Any CPU
		{80CB0A5A-6C32-40AF-9973-21BB21BEA534}.Release|Any CPU.Build.0 = Release|Any CPU
		{58C9310A-6CB5-4081-90CC-B608F66C4372}.Debug|Any CPU.ActiveCfg = Debug|Any CPU
		{58C9310A-6CB5-4081-90CC-B608F66C4372}.Debug|Any CPU.Build.0 = Debug|Any CPU
		{58C9310A-6CB5-4081-90CC-B608F66C4372}.Release|Any CPU.ActiveCfg = Release|Any CPU
		{58C9310A-6CB5-4081-90CC-B608F66C4372}.Release|Any CPU.Build.0 = Release|Any CPU
		{1AF6DE3A-951A-425A-836E-810874A79B94}.Debug|Any CPU.ActiveCfg = Debug|Any CPU
		{1AF6DE3A-951A-425A-836E-810874A79B94}.Debug|Any CPU.Build.0 = Debug|Any CPU
		{1AF6DE3A-951A-425A-836E-810874A79B94}.Release|Any CPU.ActiveCfg = Release|Any CPU
		{1AF6DE3A-951A-425A-836E-810874A79B94}.Release|Any CPU.Build.0 = Release|Any CPU
		{ED5A5E80-0726-4685-B6FB-F34ED0DB7934}.Debug|Any CPU.ActiveCfg = Debug|Any CPU
		{ED5A5E80-0726-4685-B6FB-F34ED0DB7934}.Debug|Any CPU.Build.0 = Debug|Any CPU
		{ED5A5E80-0726-4685-B6FB-F34ED0DB7934}.Release|Any CPU.ActiveCfg = Release|Any CPU
		{ED5A5E80-0726-4685-B6FB-F34ED0DB7934}.Release|Any CPU.Build.0 = Release|Any CPU
	EndGlobalSection
	GlobalSection(SolutionProperties) = preSolution
		HideSolutionNode = FALSE
	EndGlobalSection
	GlobalSection(NestedProjects) = preSolution
		{9D062E6F-BB5B-476D-925C-2BE58549DB01} = {BC9DE329-5066-4740-82A8-EB92868EF8EC}
		{A50C38D7-5AB5-486A-9049-7C710DF61192} = {CD48938B-CE0F-435F-821D-8348DE7604EE}
		{BC9EA015-D89A-409D-A3CC-9909DDCB786E} = {8154E969-45E6-4E85-8B4E-581DC313E8FD}
		{EA04E951-7123-4B9A-A6C0-E454EB743FCD} = {8154E969-45E6-4E85-8B4E-581DC313E8FD}
		{4C851F40-F173-477B-A59A-14A093D9C214} = {95304D7D-5641-451B-926D-C7AC86328C09}
		{F929584B-5E27-4E34-AA8A-710B69ABDCED} = {95304D7D-5641-451B-926D-C7AC86328C09}
		{1C8C670B-9073-4A7B-AA44-A4F009E54C0D} = {7D4D8D6D-85E3-440A-87D3-53100D084321}
		{85C1EBB9-CDF5-4110-8593-2E2BB627DAF0} = {7D4D8D6D-85E3-440A-87D3-53100D084321}
		{75393849-86DA-4361-97AE-A5E51B4764F5} = {BC9DE329-5066-4740-82A8-EB92868EF8EC}
		{49282531-C8E2-4E44-A33C-C576E6EBECB4} = {BC9DE329-5066-4740-82A8-EB92868EF8EC}
		{DA0F5152-AFC6-4A7F-B753-ADB3A20937E6} = {BC9DE329-5066-4740-82A8-EB92868EF8EC}
		{2CEDA65C-AAD4-4CB2-878C-11D49BA0BEF8} = {95304D7D-5641-451B-926D-C7AC86328C09}
		{993F9605-28D3-437C-9CB3-1CEEC3A4A453} = {526B8182-B189-43B4-8FA4-94626FE06303}
		{EB1356AD-0BBC-46BB-A777-250BBCC9D897} = {F20B0B30-C85F-4671-BBEB-369419517364}
		{53A02FA0-7A3F-4CF8-9686-3DA0E756D785} = {95304D7D-5641-451B-926D-C7AC86328C09}
		{8F964618-D4DB-48D5-9B7F-D69EDF42C389} = {F20B0B30-C85F-4671-BBEB-369419517364}
		{C8C0712E-874D-4E0D-A49E-9601893B62EC} = {CD48938B-CE0F-435F-821D-8348DE7604EE}
		{AA39CDFA-9D28-4C01-A5A9-87D5F5FB0FDD} = {CD48938B-CE0F-435F-821D-8348DE7604EE}
		{DDD265E5-A6BB-4E1C-A045-633D8A4122C5} = {CD48938B-CE0F-435F-821D-8348DE7604EE}
		{624E830A-7EC2-4652-A80F-1A25D8A0ABC7} = {95304D7D-5641-451B-926D-C7AC86328C09}
		{80CB0A5A-6C32-40AF-9973-21BB21BEA534} = {F20B0B30-C85F-4671-BBEB-369419517364}
		{58C9310A-6CB5-4081-90CC-B608F66C4372} = {8154E969-45E6-4E85-8B4E-581DC313E8FD}
		{1AF6DE3A-951A-425A-836E-810874A79B94} = {95304D7D-5641-451B-926D-C7AC86328C09}
		{ED5A5E80-0726-4685-B6FB-F34ED0DB7934} = {8154E969-45E6-4E85-8B4E-581DC313E8FD}
	EndGlobalSection
EndGlobal
